
Microsoft Visual Studio Solution File, Format Version 12.00
# Visual Studio Version 16
VisualStudioVersion = 16.0.29403.142
MinimumVisualStudioVersion = 10.0.40219.1
Project("{8BC9CEB8-8B4A-11D0-8D11-00A0C91BC942}") = "zhr", "zhr.vcxproj", "{C2D1EC78-AA59-4EB2-B387-0497F408ADBA}"
	ProjectSection(ProjectDependencies) = postProject
		{DB87184C-9300-4A07-BC18-CD749FA9E4F5} = {DB87184C-9300-4A07-BC18-CD749FA9E4F5}
	EndProjectSection
EndProject
Project("{8BC9CEB8-8B4A-11D0-8D11-00A0C91BC942}") = "zhr_lib", "zhr_lib.vcxproj", "{DB87184C-9300-4A07-BC18-CD749FA9E4F5}"
EndProject
Global
	GlobalSection(SolutionConfigurationPlatforms) = preSolution
		Debug|x64 = Debug|x64
		Debug|x86 = Debug|x86
		Release|x64 = Release|x64
		Release|x86 = Release|x86
	EndGlobalSection
	GlobalSection(ProjectConfigurationPlatforms) = postSolution
		{C2D1EC78-AA59-4EB2-B387-0497F408ADBA}.Debug|x64.ActiveCfg = Debug|x64
		{C2D1EC78-AA59-4EB2-B387-0497F408ADBA}.Debug|x64.Build.0 = Debug|x64
		{C2D1EC78-AA59-4EB2-B387-0497F408ADBA}.Debug|x86.ActiveCfg = Debug|Win32
		{C2D1EC78-AA59-4EB2-B387-0497F408ADBA}.Debug|x86.Build.0 = Debug|Win32
		{C2D1EC78-AA59-4EB2-B387-0497F408ADBA}.Release|x64.ActiveCfg = Release|x64
		{C2D1EC78-AA59-4EB2-B387-0497F408ADBA}.Release|x64.Build.0 = Release|x64
		{C2D1EC78-AA59-4EB2-B387-0497F408ADBA}.Release|x86.ActiveCfg = Release|Win32
		{C2D1EC78-AA59-4EB2-B387-0497F408ADBA}.Release|x86.Build.0 = Release|Win32
		{DB87184C-9300-4A07-BC18-CD749FA9E4F5}.Debug|x64.ActiveCfg = Debug|x64
		{DB87184C-9300-4A07-BC18-CD749FA9E4F5}.Debug|x64.Build.0 = Debug|x64
		{DB87184C-9300-4A07-BC18-CD749FA9E4F5}.Debug|x86.ActiveCfg = Debug|Win32
		{DB87184C-9300-4A07-BC18-CD749FA9E4F5}.Debug|x86.Build.0 = Debug|Win32
		{DB87184C-9300-4A07-BC18-CD749FA9E4F5}.Release|x64.ActiveCfg = Release|x64
		{DB87184C-9300-4A07-BC18-CD749FA9E4F5}.Release|x64.Build.0 = Release|x64
		{DB87184C-9300-4A07-BC18-CD749FA9E4F5}.Release|x86.ActiveCfg = Release|Win32
		{DB87184C-9300-4A07-BC18-CD749FA9E4F5}.Release|x86.Build.0 = Release|Win32
	EndGlobalSection
	GlobalSection(SolutionProperties) = preSolution
		HideSolutionNode = FALSE
	EndGlobalSection
	GlobalSection(ExtensibilityGlobals) = postSolution
		SolutionGuid = {E2540655-4940-4AC4-8A9E-C306193C93FF}
	EndGlobalSection
EndGlobal
